
Microsoft Visual Studio Solution File, Format Version 12.00
# Visual Studio Version 16
VisualStudioVersion = 16.0.31321.278
MinimumVisualStudioVersion = 10.0.40219.1
Project("{F184B08F-C81C-45F6-A57F-5ABD9991F28F}") = "laba_03", "laba_03\laba_03.vbproj", "{C2A41487-FD05-44DD-9908-6DACC67B36EB}"
EndProject
Global
	GlobalSection(SolutionConfigurationPlatforms) = preSolution
		Debug|Any CPU = Debug|Any CPU
		Release|Any CPU = Release|Any CPU
	EndGlobalSection
	GlobalSection(ProjectConfigurationPlatforms) = postSolution
		{C2A41487-FD05-44DD-9908-6DACC67B36EB}.Debug|Any CPU.ActiveCfg = Debug|Any CPU
		{C2A41487-FD05-44DD-9908-6DACC67B36EB}.Debug|Any CPU.Build.0 = Debug|Any CPU
		{C2A41487-FD05-44DD-9908-6DACC67B36EB}.Release|Any CPU.ActiveCfg = Release|Any CPU
		{C2A41487-FD05-44DD-9908-6DACC67B36EB}.Release|Any CPU.Build.0 = Release|Any CPU
	EndGlobalSection
	GlobalSection(SolutionProperties) = preSolution
		HideSolutionNode = FALSE
	EndGlobalSection
	GlobalSection(ExtensibilityGlobals) = postSolution
		SolutionGuid = {58E60280-E9F9-4B0A-BBB7-14873D89B88E}
	EndGlobalSection
EndGlobal
